
Microsoft Visual Studio Solution File, Format Version 12.00
Project("{2150E333-8FDC-42A3-9474-1A3956D46DE8}") = "src", "src", "{859FDFF9-C36A-4B8D-A691-CED63ECFC158}"
EndProject
Project("{2150E333-8FDC-42A3-9474-1A3956D46DE8}") = "test", "test", "{602859CC-1A64-4C0C-A0D7-0E41F3D09789}"
EndProject
Project("{2150E333-8FDC-42A3-9474-1A3956D46DE8}") = "Modules", "Modules", "{CC2FE25C-FC49-4CC0-9E81-ACF2C5A81EAA}"
EndProject
Project("{2150E333-8FDC-42A3-9474-1A3956D46DE8}") = "Shared", "Shared", "{399685CC-1CB1-4D2F-ACE1-CD2364DA9B9D}"
EndProject
Project("{2150E333-8FDC-42A3-9474-1A3956D46DE8}") = "Bootstrapper", "Bootstrapper", "{6C072EAA-A110-4F7A-A629-EFB596A3C123}"
EndProject
Project("{FAE04EC0-301F-11D3-BF4B-00C04F79EFBC}") = "TaskTracker.Bootstarpper", "TaskTracker.Bootstarpper\TaskTracker.Bootstarpper.csproj", "{2D9FEEC9-A366-4B2D-A7F9-7977D3A8CA04}"
EndProject
Project("{FAE04EC0-301F-11D3-BF4B-00C04F79EFBC}") = "TaskTracker.Shared.Infrastructure", "TaskTracker.Shared.Infrastructure\TaskTracker.Shared.Infrastructure.csproj", "{32D17051-810A-4648-9B0C-A12212C74F2F}"
EndProject
Project("{FAE04EC0-301F-11D3-BF4B-00C04F79EFBC}") = "TaskTracker.Shared.Abstractions", "TaskTracker.Shared.Abstractions\TaskTracker.Shared.Abstractions.csproj", "{F2AFBEF0-5B72-4487-AD51-C68BA6F44CC4}"
EndProject
Global
	GlobalSection(SolutionConfigurationPlatforms) = preSolution
		Debug|Any CPU = Debug|Any CPU
		Release|Any CPU = Release|Any CPU
	EndGlobalSection
	GlobalSection(NestedProjects) = preSolution
		{CC2FE25C-FC49-4CC0-9E81-ACF2C5A81EAA} = {859FDFF9-C36A-4B8D-A691-CED63ECFC158}
		{399685CC-1CB1-4D2F-ACE1-CD2364DA9B9D} = {859FDFF9-C36A-4B8D-A691-CED63ECFC158}
		{6C072EAA-A110-4F7A-A629-EFB596A3C123} = {859FDFF9-C36A-4B8D-A691-CED63ECFC158}
		{2D9FEEC9-A366-4B2D-A7F9-7977D3A8CA04} = {6C072EAA-A110-4F7A-A629-EFB596A3C123}
		{32D17051-810A-4648-9B0C-A12212C74F2F} = {399685CC-1CB1-4D2F-ACE1-CD2364DA9B9D}
		{F2AFBEF0-5B72-4487-AD51-C68BA6F44CC4} = {399685CC-1CB1-4D2F-ACE1-CD2364DA9B9D}
	EndGlobalSection
	GlobalSection(ProjectConfigurationPlatforms) = postSolution
		{2D9FEEC9-A366-4B2D-A7F9-7977D3A8CA04}.Debug|Any CPU.ActiveCfg = Debug|Any CPU
		{2D9FEEC9-A366-4B2D-A7F9-7977D3A8CA04}.Debug|Any CPU.Build.0 = Debug|Any CPU
		{2D9FEEC9-A366-4B2D-A7F9-7977D3A8CA04}.Release|Any CPU.ActiveCfg = Release|Any CPU
		{2D9FEEC9-A366-4B2D-A7F9-7977D3A8CA04}.Release|Any CPU.Build.0 = Release|Any CPU
		{32D17051-810A-4648-9B0C-A12212C74F2F}.Debug|Any CPU.ActiveCfg = Debug|Any CPU
		{32D17051-810A-4648-9B0C-A12212C74F2F}.Debug|Any CPU.Build.0 = Debug|Any CPU
		{32D17051-810A-4648-9B0C-A12212C74F2F}.Release|Any CPU.ActiveCfg = Release|Any CPU
		{32D17051-810A-4648-9B0C-A12212C74F2F}.Release|Any CPU.Build.0 = Release|Any CPU
		{F2AFBEF0-5B72-4487-AD51-C68BA6F44CC4}.Debug|Any CPU.ActiveCfg = Debug|Any CPU
		{F2AFBEF0-5B72-4487-AD51-C68BA6F44CC4}.Debug|Any CPU.Build.0 = Debug|Any CPU
		{F2AFBEF0-5B72-4487-AD51-C68BA6F44CC4}.Release|Any CPU.ActiveCfg = Release|Any CPU
		{F2AFBEF0-5B72-4487-AD51-C68BA6F44CC4}.Release|Any CPU.Build.0 = Release|Any CPU
	EndGlobalSection
EndGlobal
